{
  "name": "qcx",
  "version": "0.0.1",
  "lockfileVersion": 1,
  "requires": true,
  "dependencies": {
    "react-native-permissions": {
      "version": "1.1.1",
      "resolved": "https://registry.npmjs.org/react-native-permissions/-/react-native-permissions-1.1.1.tgz",
      "integrity": "sha512-t0Ujm177bagjUOSzhpmkSz+LqFW04HnY9TeZFavDCmV521fQvFz82aD+POXqWsAdsJVOK3umJYBNNqCjC3g0hQ=="
    },
    "react-native-touch-id": {
      "version": "4.0.1",
      "resolved": "https://registry.npmjs.org/react-native-touch-id/-/react-native-touch-id-4.0.1.tgz",
      "integrity": "sha512-wweGm64ZPk0t18KzC+aPhebwt1N1cj67t47ADR35tsM3mcOL0Im4LKp+CVGNcL49KslQJYwTzZf1JMzedTrd/g=="
    }
  }
}
